{
  "lockfile_version": "1",
  "packages": {
    "github:NixOS/nixpkgs/nixpkgs-unstable": {
      "last_modified": "2026-04-15T12:22:54Z",
      "resolved": "github:NixOS/nixpkgs/566acc07c54dc807f91625bb286cb9b321b5f42a?lastModified=1776255774"
    },
    "opencode@latest": {
      "last_modified": "2026-04-16T08:46:55Z",
      "resolved": "github:NixOS/nixpkgs/b86751bc4085f48661017fa226dee99fab6c651b#opencode",
      "source": "devbox-search",
      "version": "1.4.6",
      "systems": {
        "aarch64-darwin": {
          "outputs": [
            {
              "name": "out",
              "path": "/nix/store/rnaz29q7npfcb123qkrjdgi8yjyc8gv5-opencode-1.4.6",
              "default": true
            }
          ],
          "store_path": "/nix/store/rnaz29q7npfcb123qkrjdgi8yjyc8gv5-opencode-1.4.6"
        },
        "aarch64-linux": {
          "outputs": [
            {
              "name": "out",
              "path": "/nix/store/rbdfr7cg7967igpwadcjr1fkyddxn51x-opencode-1.4.6",
              "default": true
            }
          ],
          "store_path": "/nix/store/rbdfr7cg7967igpwadcjr1fkyddxn51x-opencode-1.4.6"
        },
        "x86_64-linux": {
          "outputs": [
            {
              "name": "out",
              "path": "/nix/store/nnb32xwmnvgk81j80h0pzjdwqkj8m2ii-opencode-1.4.6",
              "default": true
            }
          ],
          "store_path": "/nix/store/nnb32xwmnvgk81j80h0pzjdwqkj8m2ii-opencode-1.4.6"
        }
      }
    },
    "python314@latest": {
      "last_modified": "2026-03-21T07:29:51Z",
      "plugin_version": "0.0.4",
      "resolved": "github:NixOS/nixpkgs/09061f748ee21f68a089cd5d91ec1859cd93d0be#python314",
      "source": "devbox-search",
      "version": "3.14.3",
      "systems": {
        "aarch64-darwin": {
          "outputs": [
            {
              "name": "out",
              "path": "/nix/store/dfkim8vahgdqhk1lrxz1j4mcighlrk99-python3-3.14.3",
              "default": true
            }
          ],
          "store_path": "/nix/store/dfkim8vahgdqhk1lrxz1j4mcighlrk99-python3-3.14.3"
        },
        "aarch64-linux": {
          "outputs": [
            {
              "name": "out",
              "path": "/nix/store/s33vdxkahhrdbyrqyw8yn71kzr44l6a0-python3-3.14.3",
              "default": true
            },
            {
              "name": "debug",
              "path": "/nix/store/q82pzlagc8igcmi0gd9d15nbyh75450g-python3-3.14.3-debug"
            }
          ],
          "store_path": "/nix/store/s33vdxkahhrdbyrqyw8yn71kzr44l6a0-python3-3.14.3"
        },
        "x86_64-darwin": {
          "outputs": [
            {
              "name": "out",
              "path": "/nix/store/vinh1kffaxdk2x5s2fqx3x56x4hgcpwr-python3-3.14.3",
              "default": true
            }
          ],
          "store_path": "/nix/store/vinh1kffaxdk2x5s2fqx3x56x4hgcpwr-python3-3.14.3"
        },
        "x86_64-linux": {
          "outputs": [
            {
              "name": "out",
              "path": "/nix/store/qr0wqh2damb6asnyz4jkx61id5yg3qh2-python3-3.14.3",
              "default": true
            },
            {
              "name": "debug",
              "path": "/nix/store/c3piq5blycxhicidsmfc0nih01r0svxq-python3-3.14.3-debug"
            }
          ],
          "store_path": "/nix/store/qr0wqh2damb6asnyz4jkx61id5yg3qh2-python3-3.14.3"
        }
      }
    },
    "uv@latest": {
      "last_modified": "2026-04-10T12:25:30Z",
      "resolved": "github:NixOS/nixpkgs/8c11f88bb9573a10a7d6bf87161ef08455ac70b9#uv",
      "source": "devbox-search",
      "version": "0.11.6",
      "systems": {
        "aarch64-darwin": {
          "outputs": [
            {
              "name": "out",
              "path": "/nix/store/zdzic2r18b2pqh17bqxpwggqk1x1nmx7-uv-0.11.6",
              "default": true
            }
          ],
          "store_path": "/nix/store/zdzic2r18b2pqh17bqxpwggqk1x1nmx7-uv-0.11.6"
        },
        "aarch64-linux": {
          "outputs": [
            {
              "name": "out",
              "path": "/nix/store/z93fi73n86180df4jcvi1y8mcfd5xsmf-uv-0.11.6",
              "default": true
            }
          ],
          "store_path": "/nix/store/z93fi73n86180df4jcvi1y8mcfd5xsmf-uv-0.11.6"
        },
        "x86_64-darwin": {
          "outputs": [
            {
              "name": "out",
              "path": "/nix/store/p6ka0gwq69niqdqvjifbsdn0mkc8rrxb-uv-0.11.6",
              "default": true
            }
          ],
          "store_path": "/nix/store/p6ka0gwq69niqdqvjifbsdn0mkc8rrxb-uv-0.11.6"
        },
        "x86_64-linux": {
          "outputs": [
            {
              "name": "out",
              "path": "/nix/store/qgbhgbql7ckxzr77mja2vk5j4w0wr9zz-uv-0.11.6",
              "default": true
            }
          ],
          "store_path": "/nix/store/qgbhgbql7ckxzr77mja2vk5j4w0wr9zz-uv-0.11.6"
        }
      }
    }
  }
}
