{
  "lockfile_version": "1",
  "packages": {
    "bats@latest": {
      "last_modified": "2026-08-05T07:53:23Z",
      "resolved": "github:NixOS/nixpkgs/3a971fa2e67dcb0f2f2cfed2d37e7956567d73d1#bats",
      "source": "devbox-search",
      "version": "1.14.0",
      "systems": {
        "aarch64-darwin": {
          "outputs": [
            {
              "name": "out",
              "path": "/nix/store/zwqcdb5dwpdlcivly5va319b4ry8fmq7-bats-1.14.0",
              "default": true
            }
          ],
          "store_path": "/nix/store/zwqcdb5dwpdlcivly5va319b4ry8fmq7-bats-1.14.0"
        },
        "aarch64-linux": {
          "outputs": [
            {
              "name": "out",
              "path": "/nix/store/qysk0r314saih4xfn1wrxmazfxkrldkw-bats-1.14.0",
              "default": true
            }
          ],
          "store_path": "/nix/store/qysk0r314saih4xfn1wrxmazfxkrldkw-bats-1.14.0"
        },
        "x86_64-linux": {
          "outputs": [
            {
              "name": "out",
              "path": "/nix/store/gbdgldlxgx52i93ggsd131qi14cjpmms-bats-1.14.0",
              "default": true
            }
          ],
          "store_path": "/nix/store/gbdgldlxgx52i93ggsd131qi14cjpmms-bats-1.14.0"
        }
      }
    },
    "bun@latest": {
      "last_modified": "2026-08-01T16:34:20Z",
      "resolved": "github:NixOS/nixpkgs/a5cbcfe954791221bfffe2307f7d1a1bf61a871e#bun",
      "source": "devbox-search",
      "version": "1.3.13",
      "systems": {
        "aarch64-darwin": {
          "outputs": [
            {
              "name": "out",
              "path": "/nix/store/0whaa9b54rwpyx2v5rps15xpckcrrfs7-bun-1.3.13",
              "default": true
            }
          ],
          "store_path": "/nix/store/0whaa9b54rwpyx2v5rps15xpckcrrfs7-bun-1.3.13"
        },
        "aarch64-linux": {
          "outputs": [
            {
              "name": "out",
              "path": "/nix/store/pm8kj4ysqkf8b53yyi3576kwd23q0x23-bun-1.3.13",
              "default": true
            }
          ],
          "store_path": "/nix/store/pm8kj4ysqkf8b53yyi3576kwd23q0x23-bun-1.3.13"
        },
        "x86_64-darwin": {
          "outputs": [
            {
              "name": "out",
              "path": "/nix/store/wn9cggwqflvqryxxb9xinl9iygndm8d9-bun-1.3.13",
              "default": true
            }
          ],
          "store_path": "/nix/store/wn9cggwqflvqryxxb9xinl9iygndm8d9-bun-1.3.13"
        },
        "x86_64-linux": {
          "outputs": [
            {
              "name": "out",
              "path": "/nix/store/sav1jc5c2axarnzif94rkm8byc6zw0kb-bun-1.3.13",
              "default": true
            }
          ],
          "store_path": "/nix/store/sav1jc5c2axarnzif94rkm8byc6zw0kb-bun-1.3.13"
        }
      }
    },
    "claude-code@latest": {
      "last_modified": "2026-08-10T07:49:06Z",
      "resolved": "github:NixOS/nixpkgs/d482ef84049d9b7276b83a06e4e4d76983830097#claude-code",
      "source": "devbox-search",
      "version": "2.1.226",
      "systems": {
        "aarch64-darwin": {
          "outputs": [
            {
              "name": "out",
              "path": "/nix/store/4md5z6p9d74ljsvwl8iyl03ja96q9gph-claude-code-2.1.226",
              "default": true
            }
          ],
          "store_path": "/nix/store/4md5z6p9d74ljsvwl8iyl03ja96q9gph-claude-code-2.1.226"
        },
        "aarch64-linux": {
          "outputs": [
            {
              "name": "out",
              "path": "/nix/store/sjfj9c8jf28c9dmyj79n345v6g09dbkx-claude-code-2.1.226",
              "default": true
            }
          ],
          "store_path": "/nix/store/sjfj9c8jf28c9dmyj79n345v6g09dbkx-claude-code-2.1.226"
        },
        "x86_64-linux": {
          "outputs": [
            {
              "name": "out",
              "path": "/nix/store/h1472ynlqivxa1mzwjlrc9xhz5hg791s-claude-code-2.1.226",
              "default": true
            }
          ],
          "store_path": "/nix/store/h1472ynlqivxa1mzwjlrc9xhz5hg791s-claude-code-2.1.226"
        }
      }
    },
    "github:NixOS/nixpkgs/nixpkgs-unstable": {
      "last_modified": "2026-08-13T03:55:42Z",
      "resolved": "github:NixOS/nixpkgs/6b5e5b7a6631f065bf6908986990b37d845f847f?lastModified=1786593342&narHash=sha256-smTKQXMLLStzc8zJevMCckbk3My7SvbbLmPYZUJJKW4%3D"
    },
    "opencode@latest": {
      "last_modified": "2026-08-06T00:10:29Z",
      "resolved": "github:NixOS/nixpkgs/70ce234312134a463ba7728e94da2486a1d237ac#opencode",
      "source": "devbox-search",
      "version": "1.18.13",
      "systems": {
        "aarch64-darwin": {
          "outputs": [
            {
              "name": "out",
              "path": "/nix/store/zpy3m75gglryd1yaxnz37dfgqyx2imyr-opencode-1.18.13",
              "default": true
            }
          ],
          "store_path": "/nix/store/zpy3m75gglryd1yaxnz37dfgqyx2imyr-opencode-1.18.13"
        },
        "aarch64-linux": {
          "outputs": [
            {
              "name": "out",
              "path": "/nix/store/77l47wbws8a5vhxr6hbvcrdqcy1nk2m0-opencode-1.18.13",
              "default": true
            }
          ],
          "store_path": "/nix/store/77l47wbws8a5vhxr6hbvcrdqcy1nk2m0-opencode-1.18.13"
        },
        "x86_64-linux": {
          "outputs": [
            {
              "name": "out",
              "path": "/nix/store/n5h9jhy4ivh30s38y0xp4bhgh8k7ysfk-opencode-1.18.13",
              "default": true
            }
          ],
          "store_path": "/nix/store/n5h9jhy4ivh30s38y0xp4bhgh8k7ysfk-opencode-1.18.13"
        }
      }
    },
    "python314@latest": {
      "last_modified": "2026-06-27T07:37:20Z",
      "plugin_version": "0.0.5",
      "resolved": "github:NixOS/nixpkgs/3d46470bb3030020f7e1361f33514854f5bfa86d#python314",
      "source": "devbox-search",
      "version": "3.14.4",
      "systems": {
        "aarch64-darwin": {
          "outputs": [
            {
              "name": "out",
              "path": "/nix/store/bz7r3a1x3xby7ilac2ngzwr0szf3yzxc-python3-3.14.4",
              "default": true
            }
          ],
          "store_path": "/nix/store/bz7r3a1x3xby7ilac2ngzwr0szf3yzxc-python3-3.14.4"
        },
        "aarch64-linux": {
          "outputs": [
            {
              "name": "out",
              "path": "/nix/store/fj2lkfaqsccpsgwmzrv921asxzsp1iin-python3-3.14.4",
              "default": true
            },
            {
              "name": "debug",
              "path": "/nix/store/8sggbkg072yim06lsbggkiwc84z28cj9-python3-3.14.4-debug"
            }
          ],
          "store_path": "/nix/store/fj2lkfaqsccpsgwmzrv921asxzsp1iin-python3-3.14.4"
        },
        "x86_64-darwin": {
          "outputs": [
            {
              "name": "out",
              "path": "/nix/store/dz3vgh7m1dsj9c3ahn1ab6wqpnz9bbww-python3-3.14.4",
              "default": true
            }
          ],
          "store_path": "/nix/store/dz3vgh7m1dsj9c3ahn1ab6wqpnz9bbww-python3-3.14.4"
        },
        "x86_64-linux": {
          "outputs": [
            {
              "name": "out",
              "path": "/nix/store/fk8c5cqd0npblqv1mcd8swhkcbng84qr-python3-3.14.4",
              "default": true
            },
            {
              "name": "debug",
              "path": "/nix/store/y6nmlnw8360r8lma5bjnp07vl9r4l07g-python3-3.14.4-debug"
            }
          ],
          "store_path": "/nix/store/fk8c5cqd0npblqv1mcd8swhkcbng84qr-python3-3.14.4"
        }
      }
    },
    "skills@latest": {
      "last_modified": "2026-08-10T07:49:06Z",
      "resolved": "github:NixOS/nixpkgs/d482ef84049d9b7276b83a06e4e4d76983830097#skills",
      "source": "devbox-search",
      "version": "1.5.22",
      "systems": {
        "aarch64-darwin": {
          "outputs": [
            {
              "name": "out",
              "path": "/nix/store/c2mz5v1dpm0zi36j41bhdpjhyakx8fmr-skills-1.5.22",
              "default": true
            }
          ],
          "store_path": "/nix/store/c2mz5v1dpm0zi36j41bhdpjhyakx8fmr-skills-1.5.22"
        },
        "aarch64-linux": {
          "outputs": [
            {
              "name": "out",
              "path": "/nix/store/nn3napi0z6g87k0ap3sdx455lsgjgm3d-skills-1.5.22",
              "default": true
            }
          ],
          "store_path": "/nix/store/nn3napi0z6g87k0ap3sdx455lsgjgm3d-skills-1.5.22"
        },
        "x86_64-linux": {
          "outputs": [
            {
              "name": "out",
              "path": "/nix/store/i07qwkkx019s757qb257zflbv36i7yrf-skills-1.5.22",
              "default": true
            }
          ],
          "store_path": "/nix/store/i07qwkkx019s757qb257zflbv36i7yrf-skills-1.5.22"
        }
      }
    },
    "uv@latest": {
      "last_modified": "2026-08-01T16:34:20Z",
      "resolved": "github:NixOS/nixpkgs/a5cbcfe954791221bfffe2307f7d1a1bf61a871e#uv",
      "source": "devbox-search",
      "version": "0.12.1",
      "systems": {
        "aarch64-darwin": {
          "outputs": [
            {
              "name": "out",
              "path": "/nix/store/hnmvqbh6zd1v0wss6q9ps8j1jp2pfkf0-uv-0.12.1",
              "default": true
            }
          ],
          "store_path": "/nix/store/hnmvqbh6zd1v0wss6q9ps8j1jp2pfkf0-uv-0.12.1"
        },
        "aarch64-linux": {
          "outputs": [
            {
              "name": "out",
              "path": "/nix/store/xn0b6fcg7zzifjjbpzi6bs57nbyjxqn1-uv-0.12.1",
              "default": true
            }
          ],
          "store_path": "/nix/store/xn0b6fcg7zzifjjbpzi6bs57nbyjxqn1-uv-0.12.1"
        },
        "x86_64-linux": {
          "outputs": [
            {
              "name": "out",
              "path": "/nix/store/6fgvwx21832s8ygpzm4x3i29p4ac8gxn-uv-0.12.1",
              "default": true
            }
          ],
          "store_path": "/nix/store/6fgvwx21832s8ygpzm4x3i29p4ac8gxn-uv-0.12.1"
        }
      }
    },
    "yq-go@latest": {
      "last_modified": "2026-08-01T16:34:20Z",
      "resolved": "github:NixOS/nixpkgs/a5cbcfe954791221bfffe2307f7d1a1bf61a871e#yq-go",
      "source": "devbox-search",
      "version": "4.53.3",
      "systems": {
        "aarch64-darwin": {
          "outputs": [
            {
              "name": "out",
              "path": "/nix/store/ka1kvl4b0zhcz16kb6amn86qjjqglw3z-yq-go-4.53.3",
              "default": true
            }
          ],
          "store_path": "/nix/store/ka1kvl4b0zhcz16kb6amn86qjjqglw3z-yq-go-4.53.3"
        },
        "aarch64-linux": {
          "outputs": [
            {
              "name": "out",
              "path": "/nix/store/f3mpc2r89qqvqz9sya611fr5lf4qawb5-yq-go-4.53.3",
              "default": true
            }
          ],
          "store_path": "/nix/store/f3mpc2r89qqvqz9sya611fr5lf4qawb5-yq-go-4.53.3"
        },
        "x86_64-darwin": {
          "outputs": [
            {
              "name": "out",
              "path": "/nix/store/agf9fyr053m3092vsmh6vih3apz0kw05-yq-go-4.53.3",
              "default": true
            }
          ],
          "store_path": "/nix/store/agf9fyr053m3092vsmh6vih3apz0kw05-yq-go-4.53.3"
        },
        "x86_64-linux": {
          "outputs": [
            {
              "name": "out",
              "path": "/nix/store/pyy2agrvaazs49lkpn75dibpvz45pwkm-yq-go-4.53.3",
              "default": true
            }
          ],
          "store_path": "/nix/store/pyy2agrvaazs49lkpn75dibpvz45pwkm-yq-go-4.53.3"
        }
      }
    }
  }
}
